
Microsoft Visual Studio Solution File, Format Version 12.00
# Visual Studio Version 16
VisualStudioVersion = 16.0.31005.135
MinimumVisualStudioVersion = 10.0.40219.1
Project("{9A19103F-16F7-4668-BE54-9A1E7A4F7556}") = "DemoApplication", "DemoApplication.csproj", "{9F96B704-E526-4914-8C74-1A31E44F355B}"
EndProject
Global
	GlobalSection(SolutionConfigurationPlatforms) = preSolution
		Debug|Any CPU = Debug|Any CPU
		Release|Any CPU = Release|Any CPU
	EndGlobalSection
	GlobalSection(ProjectConfigurationPlatforms) = postSolution
		{9F96B704-E526-4914-8C74-1A31E44F355B}.Debug|Any CPU.ActiveCfg = Debug|Any CPU
		{9F96B704-E526-4914-8C74-1A31E44F355B}.Debug|Any CPU.Build.0 = Debug|Any CPU
		{9F96B704-E526-4914-8C74-1A31E44F355B}.Release|Any CPU.ActiveCfg = Release|Any CPU
		{9F96B704-E526-4914-8C74-1A31E44F355B}.Release|Any CPU.Build.0 = Release|Any CPU
	EndGlobalSection
	GlobalSection(SolutionProperties) = preSolution
		HideSolutionNode = FALSE
	EndGlobalSection
	GlobalSection(ExtensibilityGlobals) = postSolution
		SolutionGuid = {6882C3E4-018B-4B5C-BE26-91E9785743CF}
	EndGlobalSection
EndGlobal
